
Microsoft Visual Studio Solution File, Format Version 12.00
# Visual Studio 15
VisualStudioVersion = 15.0.27130.2036
MinimumVisualStudioVersion = 10.0.40219.1
Project("{FAE04EC0-301F-11D3-BF4B-00C04F79EFBC}") = "Assignment 1- Calculator", "Assignment 1- Calculator\Assignment 1- Calculator.csproj", "{BFDEB309-EF4C-45F8-9DA4-93D3B4FC39E8}"
EndProject
Global
	GlobalSection(SolutionConfigurationPlatforms) = preSolution
		Debug|Any CPU = Debug|Any CPU
		Release|Any CPU = Release|Any CPU
	EndGlobalSection
	GlobalSection(ProjectConfigurationPlatforms) = postSolution
		{BFDEB309-EF4C-45F8-9DA4-93D3B4FC39E8}.Debug|Any CPU.ActiveCfg = Debug|Any CPU
		{BFDEB309-EF4C-45F8-9DA4-93D3B4FC39E8}.Debug|Any CPU.Build.0 = Debug|Any CPU
		{BFDEB309-EF4C-45F8-9DA4-93D3B4FC39E8}.Release|Any CPU.ActiveCfg = Release|Any CPU
		{BFDEB309-EF4C-45F8-9DA4-93D3B4FC39E8}.Release|Any CPU.Build.0 = Release|Any CPU
	EndGlobalSection
	GlobalSection(SolutionProperties) = preSolution
		HideSolutionNode = FALSE
	EndGlobalSection
	GlobalSection(ExtensibilityGlobals) = postSolution
		SolutionGuid = {5879F82A-5203-4770-B26D-A951BDD69A73}
	EndGlobalSection
EndGlobal
